
Microsoft Visual Studio Solution File, Format Version 12.00
# Visual Studio Version 17
VisualStudioVersion = 17.13.35825.156 d17.13
MinimumVisualStudioVersion = 10.0.40219.1
Project("{FAE04EC0-301F-11D3-BF4B-00C04F79EFBC}") = "15092026", "15092026\15092026.csproj", "{7AC2BE5F-2417-4692-B16B-F2C0F2D92E15}"
EndProject
Project("{FAE04EC0-301F-11D3-BF4B-00C04F79EFBC}") = "ClassLibrary", "ClassLibrary\ClassLibrary.csproj", "{78E065D9-5E44-4ABB-BAEB-C16E5F006786}"
EndProject
Global
	GlobalSection(SolutionConfigurationPlatforms) = preSolution
		Debug|Any CPU = Debug|Any CPU
		Release|Any CPU = Release|Any CPU
	EndGlobalSection
	GlobalSection(ProjectConfigurationPlatforms) = postSolution
		{7AC2BE5F-2417-4692-B16B-F2C0F2D92E15}.Debug|Any CPU.ActiveCfg = Debug|Any CPU
		{7AC2BE5F-2417-4692-B16B-F2C0F2D92E15}.Debug|Any CPU.Build.0 = Debug|Any CPU
		{7AC2BE5F-2417-4692-B16B-F2C0F2D92E15}.Release|Any CPU.ActiveCfg = Release|Any CPU
		{7AC2BE5F-2417-4692-B16B-F2C0F2D92E15}.Release|Any CPU.Build.0 = Release|Any CPU
		{78E065D9-5E44-4ABB-BAEB-C16E5F006786}.Debug|Any CPU.ActiveCfg = Debug|Any CPU
		{78E065D9-5E44-4ABB-BAEB-C16E5F006786}.Debug|Any CPU.Build.0 = Debug|Any CPU
		{78E065D9-5E44-4ABB-BAEB-C16E5F006786}.Release|Any CPU.ActiveCfg = Release|Any CPU
		{78E065D9-5E44-4ABB-BAEB-C16E5F006786}.Release|Any CPU.Build.0 = Release|Any CPU
	EndGlobalSection
	GlobalSection(SolutionProperties) = preSolution
		HideSolutionNode = FALSE
	EndGlobalSection
	GlobalSection(ExtensibilityGlobals) = postSolution
		SolutionGuid = {02B7D257-E9E0-40E8-B9B1-36DB4E0512AA}
	EndGlobalSection
EndGlobal
